
Microsoft Visual Studio Solution File, Format Version 12.00
# Visual Studio Version 16
VisualStudioVersion = 16.0.31729.503
MinimumVisualStudioVersion = 10.0.40219.1
Project("{FAE04EC0-301F-11D3-BF4B-00C04F79EFBC}") = "ICANHELPCalculator.Android", "ICANHELPCalculator\ICANHELPCalculator.Android\ICANHELPCalculator.Android.csproj", "{805BF348-189F-444A-87FA-524D4E6D3D4B}"
EndProject
Project("{FAE04EC0-301F-11D3-BF4B-00C04F79EFBC}") = "ICANHELPCalculator.iOS", "ICANHELPCalculator\ICANHELPCalculator.iOS\ICANHELPCalculator.iOS.csproj", "{7A4870BE-EE69-4E09-A797-286E7EA86FF6}"
EndProject
Project("{FAE04EC0-301F-11D3-BF4B-00C04F79EFBC}") = "ICANHELPCalculator", "ICANHELPCalculator\ICANHELPCalculator\ICANHELPCalculator.csproj", "{7A72881A-CEF8-4262-9681-9BB5D5BC325C}"
EndProject
Global
	GlobalSection(SolutionConfigurationPlatforms) = preSolution
		Debug|Any CPU = Debug|Any CPU
		Debug|iPhone = Debug|iPhone
		Debug|iPhoneSimulator = Debug|iPhoneSimulator
		Release|Any CPU = Release|Any CPU
		Release|iPhone = Release|iPhone
		Release|iPhoneSimulator = Release|iPhoneSimulator
	EndGlobalSection
	GlobalSection(ProjectConfigurationPlatforms) = postSolution
		{805BF348-189F-444A-87FA-524D4E6D3D4B}.Debug|Any CPU.ActiveCfg = Debug|Any CPU
		{805BF348-189F-444A-87FA-524D4E6D3D4B}.Debug|Any CPU.Build.0 = Debug|Any CPU
		{805BF348-189F-444A-87FA-524D4E6D3D4B}.Debug|Any CPU.Deploy.0 = Debug|Any CPU
		{805BF348-189F-444A-87FA-524D4E6D3D4B}.Debug|iPhone.ActiveCfg = Debug|Any CPU
		{805BF348-189F-444A-87FA-524D4E6D3D4B}.Debug|iPhone.Build.0 = Debug|Any CPU
		{805BF348-189F-444A-87FA-524D4E6D3D4B}.Debug|iPhone.Deploy.0 = Debug|Any CPU
		{805BF348-189F-444A-87FA-524D4E6D3D4B}.Debug|iPhoneSimulator.ActiveCfg = Debug|Any CPU
		{805BF348-189F-444A-87FA-524D4E6D3D4B}.Debug|iPhoneSimulator.Build.0 = Debug|Any CPU
		{805BF348-189F-444A-87FA-524D4E6D3D4B}.Debug|iPhoneSimulator.Deploy.0 = Debug|Any CPU
		{805BF348-189F-444A-87FA-524D4E6D3D4B}.Release|Any CPU.ActiveCfg = Release|Any CPU
		{805BF348-189F-444A-87FA-524D4E6D3D4B}.Release|Any CPU.Build.0 = Release|Any CPU
		{805BF348-189F-444A-87FA-524D4E6D3D4B}.Release|Any CPU.Deploy.0 = Release|Any CPU
		{805BF348-189F-444A-87FA-524D4E6D3D4B}.Release|iPhone.ActiveCfg = Release|Any CPU
		{805BF348-189F-444A-87FA-524D4E6D3D4B}.Release|iPhone.Build.0 = Release|Any CPU
		{805BF348-189F-444A-87FA-524D4E6D3D4B}.Release|iPhone.Deploy.0 = Release|Any CPU
		{805BF348-189F-444A-87FA-524D4E6D3D4B}.Release|iPhoneSimulator.ActiveCfg = Release|Any CPU
		{805BF348-189F-444A-87FA-524D4E6D3D4B}.Release|iPhoneSimulator.Build.0 = Release|Any CPU
		{805BF348-189F-444A-87FA-524D4E6D3D4B}.Release|iPhoneSimulator.Deploy.0 = Release|Any CPU
		{7A4870BE-EE69-4E09-A797-286E7EA86FF6}.Debug|Any CPU.ActiveCfg = Debug|iPhone
		{7A4870BE-EE69-4E09-A797-286E7EA86FF6}.Debug|Any CPU.Build.0 = Debug|iPhone
		{7A4870BE-EE69-4E09-A797-286E7EA86FF6}.Debug|Any CPU.Deploy.0 = Debug|iPhone
		{7A4870BE-EE69-4E09-A797-286E7EA86FF6}.Debug|iPhone.ActiveCfg = Debug|iPhone
		{7A4870BE-EE69-4E09-A797-286E7EA86FF6}.Debug|iPhone.Build.0 = Debug|iPhone
		{7A4870BE-EE69-4E09-A797-286E7EA86FF6}.Debug|iPhone.Deploy.0 = Debug|iPhone
		{7A4870BE-EE69-4E09-A797-286E7EA86FF6}.Debug|iPhoneSimulator.ActiveCfg = Debug|iPhoneSimulator
		{7A4870BE-EE69-4E09-A797-286E7EA86FF6}.Debug|iPhoneSimulator.Build.0 = Debug|iPhoneSimulator
		{7A4870BE-EE69-4E09-A797-286E7EA86FF6}.Debug|iPhoneSimulator.Deploy.0 = Debug|iPhoneSimulator
		{7A4870BE-EE69-4E09-A797-286E7EA86FF6}.Release|Any CPU.ActiveCfg = Release|iPhoneSimulator
		{7A4870BE-EE69-4E09-A797-286E7EA86FF6}.Release|Any CPU.Build.0 = Release|iPhoneSimulator
		{7A4870BE-EE69-4E09-A797-286E7EA86FF6}.Release|Any CPU.Deploy.0 = Release|iPhoneSimulator
		{7A4870BE-EE69-4E09-A797-286E7EA86FF6}.Release|iPhone.ActiveCfg = Release|iPhone
		{7A4870BE-EE69-4E09-A797-286E7EA86FF6}.Release|iPhone.Build.0 = Release|iPhone
		{7A4870BE-EE69-4E09-A797-286E7EA86FF6}.Release|iPhone.Deploy.0 = Release|iPhone
		{7A4870BE-EE69-4E09-A797-286E7EA86FF6}.Release|iPhoneSimulator.ActiveCfg = Release|iPhoneSimulator
		{7A4870BE-EE69-4E09-A797-286E7EA86FF6}.Release|iPhoneSimulator.Build.0 = Release|iPhoneSimulator
		{7A4870BE-EE69-4E09-A797-286E7EA86FF6}.Release|iPhoneSimulator.Deploy.0 = Release|iPhoneSimulator
		{7A72881A-CEF8-4262-9681-9BB5D5BC325C}.Debug|Any CPU.ActiveCfg = Debug|Any CPU
		{7A72881A-CEF8-4262-9681-9BB5D5BC325C}.Debug|Any CPU.Build.0 = Debug|Any CPU
		{7A72881A-CEF8-4262-9681-9BB5D5BC325C}.Debug|Any CPU.Deploy.0 = Debug|Any CPU
		{7A72881A-CEF8-4262-9681-9BB5D5BC325C}.Debug|iPhone.ActiveCfg = Debug|Any CPU
		{7A72881A-CEF8-4262-9681-9BB5D5BC325C}.Debug|iPhone.Build.0 = Debug|Any CPU
		{7A72881A-CEF8-4262-9681-9BB5D5BC325C}.Debug|iPhone.Deploy.0 = Debug|Any CPU
		{7A72881A-CEF8-4262-9681-9BB5D5BC325C}.Debug|iPhoneSimulator.ActiveCfg = Debug|Any CPU
		{7A72881A-CEF8-4262-9681-9BB5D5BC325C}.Debug|iPhoneSimulator.Build.0 = Debug|Any CPU
		{7A72881A-CEF8-4262-9681-9BB5D5BC325C}.Debug|iPhoneSimulator.Deploy.0 = Debug|Any CPU
		{7A72881A-CEF8-4262-9681-9BB5D5BC325C}.Release|Any CPU.ActiveCfg = Release|Any CPU
		{7A72881A-CEF8-4262-9681-9BB5D5BC325C}.Release|Any CPU.Build.0 = Release|Any CPU
		{7A72881A-CEF8-4262-9681-9BB5D5BC325C}.Release|Any CPU.Deploy.0 = Release|Any CPU
		{7A72881A-CEF8-4262-9681-9BB5D5BC325C}.Release|iPhone.ActiveCfg = Release|Any CPU
		{7A72881A-CEF8-4262-9681-9BB5D5BC325C}.Release|iPhone.Build.0 = Release|Any CPU
		{7A72881A-CEF8-4262-9681-9BB5D5BC325C}.Release|iPhone.Deploy.0 = Release|Any CPU
		{7A72881A-CEF8-4262-9681-9BB5D5BC325C}.Release|iPhoneSimulator.ActiveCfg = Release|Any CPU
		{7A72881A-CEF8-4262-9681-9BB5D5BC325C}.Release|iPhoneSimulator.Build.0 = Release|Any CPU
		{7A72881A-CEF8-4262-9681-9BB5D5BC325C}.Release|iPhoneSimulator.Deploy.0 = Release|Any CPU
	EndGlobalSection
	GlobalSection(SolutionProperties) = preSolution
		HideSolutionNode = FALSE
	EndGlobalSection
	GlobalSection(ExtensibilityGlobals) = postSolution
		SolutionGuid = {A2F3561E-1ADD-4FCC-8BB2-92CD6A604CA4}
	EndGlobalSection
EndGlobal
